
Microsoft Visual Studio Solution File, Format Version 12.00
# Visual Studio Version 17
VisualStudioVersion = 17.5.33530.505
MinimumVisualStudioVersion = 10.0.40219.1
Project("{FAE04EC0-301F-11D3-BF4B-00C04F79EFBC}") = "StorageUpgrade", "StorageUpgrade.csproj", "{2F82ED61-34B1-481C-B496-E2676FA5D641}"
EndProject
Global
	GlobalSection(SolutionConfigurationPlatforms) = preSolution
		Debug|Any CPU = Debug|Any CPU
		Release|Any CPU = Release|Any CPU
	EndGlobalSection
	GlobalSection(ProjectConfigurationPlatforms) = postSolution
		{2F82ED61-34B1-481C-B496-E2676FA5D641}.Debug|Any CPU.ActiveCfg = Debug|Any CPU
		{2F82ED61-34B1-481C-B496-E2676FA5D641}.Debug|Any CPU.Build.0 = Debug|Any CPU
		{2F82ED61-34B1-481C-B496-E2676FA5D641}.Release|Any CPU.ActiveCfg = Release|Any CPU
		{2F82ED61-34B1-481C-B496-E2676FA5D641}.Release|Any CPU.Build.0 = Release|Any CPU
	EndGlobalSection
	GlobalSection(SolutionProperties) = preSolution
		HideSolutionNode = FALSE
	EndGlobalSection
	GlobalSection(ExtensibilityGlobals) = postSolution
		SolutionGuid = {34188064-56A4-4A18-A35E-37483DE16803}
	EndGlobalSection
EndGlobal
